
Microsoft Visual Studio Solution File, Format Version 12.00
# Visual Studio Version 16
VisualStudioVersion = 16.0.28803.202
MinimumVisualStudioVersion = 10.0.40219.1
Project("{FAE04EC0-301F-11D3-BF4B-00C04F79EFBC}") = "LemonadeStand", "LemonadeStand.csproj", "{1A84F686-FE9D-4225-AA9B-962D101382B1}"
EndProject
Global
	GlobalSection(SolutionConfigurationPlatforms) = preSolution
		Debug|Any CPU = Debug|Any CPU
		Release|Any CPU = Release|Any CPU
	EndGlobalSection
	GlobalSection(ProjectConfigurationPlatforms) = postSolution
		{1A84F686-FE9D-4225-AA9B-962D101382B1}.Debug|Any CPU.ActiveCfg = Debug|Any CPU
		{1A84F686-FE9D-4225-AA9B-962D101382B1}.Debug|Any CPU.Build.0 = Debug|Any CPU
		{1A84F686-FE9D-4225-AA9B-962D101382B1}.Release|Any CPU.ActiveCfg = Release|Any CPU
		{1A84F686-FE9D-4225-AA9B-962D101382B1}.Release|Any CPU.Build.0 = Release|Any CPU
	EndGlobalSection
	GlobalSection(SolutionProperties) = preSolution
		HideSolutionNode = FALSE
	EndGlobalSection
	GlobalSection(ExtensibilityGlobals) = postSolution
		SolutionGuid = {D025E08A-6E4F-4022-9ABA-BE057C5E5E7D}
	EndGlobalSection
EndGlobal
